
Microsoft Visual Studio Solution File, Format Version 12.00
# Visual Studio Version 17
VisualStudioVersion = 17.1.32228.430
MinimumVisualStudioVersion = 10.0.40219.1
Project("{FAE04EC0-301F-11D3-BF4B-00C04F79EFBC}") = "ExternalBankingService", "ExternalBankingService\ExternalBankingService.csproj", "{E79B76CF-E022-4D56-8E0D-61707A676E95}"
EndProject
Project("{FAE04EC0-301F-11D3-BF4B-00C04F79EFBC}") = "ExternalBanking", "ExternalBanking\ExternalBanking.csproj", "{C2F928AE-9BC3-468C-95A7-628406671596}"
EndProject
Project("{FAE04EC0-301F-11D3-BF4B-00C04F79EFBC}") = "ExternalBankingRESTService", "ExternalBankingRESTService\ExternalBankingRESTService.csproj", "{D9D49463-68E2-491B-B748-F99E2021961E}"
	ProjectSection(ProjectDependencies) = postProject
		{E79B76CF-E022-4D56-8E0D-61707A676E95} = {E79B76CF-E022-4D56-8E0D-61707A676E95}
	EndProjectSection
EndProject
Global
	GlobalSection(SolutionConfigurationPlatforms) = preSolution
		Debug|Any CPU = Debug|Any CPU
		Regression|Any CPU = Regression|Any CPU
		Release|Any CPU = Release|Any CPU
		TestDigital|Any CPU = TestDigital|Any CPU
		Testing|Any CPU = Testing|Any CPU
		TestTeam1|Any CPU = TestTeam1|Any CPU
		TestTeam3|Any CPU = TestTeam3|Any CPU
		TestTeam4|Any CPU = TestTeam4|Any CPU
		TestTeam5|Any CPU = TestTeam5|Any CPU
		TestTeam6|Any CPU = TestTeam6|Any CPU
		TestTeam7|Any CPU = TestTeam7|Any CPU
		WCF01|Any CPU = WCF01|Any CPU
		WCF02|Any CPU = WCF02|Any CPU
		WCF03|Any CPU = WCF03|Any CPU
		WCF04|Any CPU = WCF04|Any CPU
	EndGlobalSection
	GlobalSection(ProjectConfigurationPlatforms) = postSolution
		{E79B76CF-E022-4D56-8E0D-61707A676E95}.Debug|Any CPU.ActiveCfg = Debug|Any CPU
		{E79B76CF-E022-4D56-8E0D-61707A676E95}.Debug|Any CPU.Build.0 = Debug|Any CPU
		{E79B76CF-E022-4D56-8E0D-61707A676E95}.Regression|Any CPU.ActiveCfg = Regression|Any CPU
		{E79B76CF-E022-4D56-8E0D-61707A676E95}.Regression|Any CPU.Build.0 = Regression|Any CPU
		{E79B76CF-E022-4D56-8E0D-61707A676E95}.Release|Any CPU.ActiveCfg = Release|Any CPU
		{E79B76CF-E022-4D56-8E0D-61707A676E95}.Release|Any CPU.Build.0 = Release|Any CPU
		{E79B76CF-E022-4D56-8E0D-61707A676E95}.TestDigital|Any CPU.ActiveCfg = TestDigital|Any CPU
		{E79B76CF-E022-4D56-8E0D-61707A676E95}.TestDigital|Any CPU.Build.0 = TestDigital|Any CPU
		{E79B76CF-E022-4D56-8E0D-61707A676E95}.Testing|Any CPU.ActiveCfg = Testing|Any CPU
		{E79B76CF-E022-4D56-8E0D-61707A676E95}.Testing|Any CPU.Build.0 = Testing|Any CPU
		{E79B76CF-E022-4D56-8E0D-61707A676E95}.TestTeam1|Any CPU.ActiveCfg = TestTeam1|Any CPU
		{E79B76CF-E022-4D56-8E0D-61707A676E95}.TestTeam1|Any CPU.Build.0 = TestTeam1|Any CPU
		{E79B76CF-E022-4D56-8E0D-61707A676E95}.TestTeam3|Any CPU.ActiveCfg = TestTeam3|Any CPU
		{E79B76CF-E022-4D56-8E0D-61707A676E95}.TestTeam3|Any CPU.Build.0 = TestTeam3|Any CPU
		{E79B76CF-E022-4D56-8E0D-61707A676E95}.TestTeam4|Any CPU.ActiveCfg = TestTeam4|Any CPU
		{E79B76CF-E022-4D56-8E0D-61707A676E95}.TestTeam4|Any CPU.Build.0 = TestTeam4|Any CPU
		{E79B76CF-E022-4D56-8E0D-61707A676E95}.TestTeam5|Any CPU.ActiveCfg = TestTeam5|Any CPU
		{E79B76CF-E022-4D56-8E0D-61707A676E95}.TestTeam5|Any CPU.Build.0 = TestTeam5|Any CPU
		{E79B76CF-E022-4D56-8E0D-61707A676E95}.TestTeam6|Any CPU.ActiveCfg = TestTeam6|Any CPU
		{E79B76CF-E022-4D56-8E0D-61707A676E95}.TestTeam6|Any CPU.Build.0 = TestTeam6|Any CPU
		{E79B76CF-E022-4D56-8E0D-61707A676E95}.TestTeam7|Any CPU.ActiveCfg = TestTeam7|Any CPU
		{E79B76CF-E022-4D56-8E0D-61707A676E95}.TestTeam7|Any CPU.Build.0 = TestTeam7|Any CPU
		{E79B76CF-E022-4D56-8E0D-61707A676E95}.WCF01|Any CPU.ActiveCfg = WCF01|Any CPU
		{E79B76CF-E022-4D56-8E0D-61707A676E95}.WCF01|Any CPU.Build.0 = WCF01|Any CPU
		{E79B76CF-E022-4D56-8E0D-61707A676E95}.WCF02|Any CPU.ActiveCfg = WCF02|Any CPU
		{E79B76CF-E022-4D56-8E0D-61707A676E95}.WCF02|Any CPU.Build.0 = WCF02|Any CPU
		{E79B76CF-E022-4D56-8E0D-61707A676E95}.WCF03|Any CPU.ActiveCfg = WCF03|Any CPU
		{E79B76CF-E022-4D56-8E0D-61707A676E95}.WCF03|Any CPU.Build.0 = WCF03|Any CPU
		{E79B76CF-E022-4D56-8E0D-61707A676E95}.WCF04|Any CPU.ActiveCfg = WCF04|Any CPU
		{E79B76CF-E022-4D56-8E0D-61707A676E95}.WCF04|Any CPU.Build.0 = WCF04|Any CPU
		{C2F928AE-9BC3-468C-95A7-628406671596}.Debug|Any CPU.ActiveCfg = Debug|Any CPU
		{C2F928AE-9BC3-468C-95A7-628406671596}.Debug|Any CPU.Build.0 = Debug|Any CPU
		{C2F928AE-9BC3-468C-95A7-628406671596}.Regression|Any CPU.ActiveCfg = Regression|Any CPU
		{C2F928AE-9BC3-468C-95A7-628406671596}.Regression|Any CPU.Build.0 = Regression|Any CPU
		{C2F928AE-9BC3-468C-95A7-628406671596}.Release|Any CPU.ActiveCfg = Release|Any CPU
		{C2F928AE-9BC3-468C-95A7-628406671596}.Release|Any CPU.Build.0 = Release|Any CPU
		{C2F928AE-9BC3-468C-95A7-628406671596}.TestDigital|Any CPU.ActiveCfg = TestDigital|Any CPU
		{C2F928AE-9BC3-468C-95A7-628406671596}.TestDigital|Any CPU.Build.0 = TestDigital|Any CPU
		{C2F928AE-9BC3-468C-95A7-628406671596}.Testing|Any CPU.ActiveCfg = Testing|Any CPU
		{C2F928AE-9BC3-468C-95A7-628406671596}.Testing|Any CPU.Build.0 = Testing|Any CPU
		{C2F928AE-9BC3-468C-95A7-628406671596}.TestTeam1|Any CPU.ActiveCfg = TestTeam1|Any CPU
		{C2F928AE-9BC3-468C-95A7-628406671596}.TestTeam1|Any CPU.Build.0 = TestTeam1|Any CPU
		{C2F928AE-9BC3-468C-95A7-628406671596}.TestTeam3|Any CPU.ActiveCfg = TestTeam3|Any CPU
		{C2F928AE-9BC3-468C-95A7-628406671596}.TestTeam3|Any CPU.Build.0 = TestTeam3|Any CPU
		{C2F928AE-9BC3-468C-95A7-628406671596}.TestTeam4|Any CPU.ActiveCfg = TestTeam4|Any CPU
		{C2F928AE-9BC3-468C-95A7-628406671596}.TestTeam4|Any CPU.Build.0 = TestTeam4|Any CPU
		{C2F928AE-9BC3-468C-95A7-628406671596}.TestTeam5|Any CPU.ActiveCfg = TestTeam5|Any CPU
		{C2F928AE-9BC3-468C-95A7-628406671596}.TestTeam5|Any CPU.Build.0 = TestTeam5|Any CPU
		{C2F928AE-9BC3-468C-95A7-628406671596}.TestTeam6|Any CPU.ActiveCfg = TestTeam6|Any CPU
		{C2F928AE-9BC3-468C-95A7-628406671596}.TestTeam6|Any CPU.Build.0 = TestTeam6|Any CPU
		{C2F928AE-9BC3-468C-95A7-628406671596}.TestTeam7|Any CPU.ActiveCfg = TestTeam7|Any CPU
		{C2F928AE-9BC3-468C-95A7-628406671596}.TestTeam7|Any CPU.Build.0 = TestTeam7|Any CPU
		{C2F928AE-9BC3-468C-95A7-628406671596}.WCF01|Any CPU.ActiveCfg = WCF01|Any CPU
		{C2F928AE-9BC3-468C-95A7-628406671596}.WCF01|Any CPU.Build.0 = WCF01|Any CPU
		{C2F928AE-9BC3-468C-95A7-628406671596}.WCF02|Any CPU.ActiveCfg = WCF02|Any CPU
		{C2F928AE-9BC3-468C-95A7-628406671596}.WCF02|Any CPU.Build.0 = WCF02|Any CPU
		{C2F928AE-9BC3-468C-95A7-628406671596}.WCF03|Any CPU.ActiveCfg = WCF03|Any CPU
		{C2F928AE-9BC3-468C-95A7-628406671596}.WCF03|Any CPU.Build.0 = WCF03|Any CPU
		{C2F928AE-9BC3-468C-95A7-628406671596}.WCF04|Any CPU.ActiveCfg = WCF04|Any CPU
		{C2F928AE-9BC3-468C-95A7-628406671596}.WCF04|Any CPU.Build.0 = WCF04|Any CPU
		{D9D49463-68E2-491B-B748-F99E2021961E}.Debug|Any CPU.ActiveCfg = Debug|Any CPU
		{D9D49463-68E2-491B-B748-F99E2021961E}.Debug|Any CPU.Build.0 = Debug|Any CPU
		{D9D49463-68E2-491B-B748-F99E2021961E}.Regression|Any CPU.ActiveCfg = Release|Any CPU
		{D9D49463-68E2-491B-B748-F99E2021961E}.Release|Any CPU.ActiveCfg = Release|Any CPU
		{D9D49463-68E2-491B-B748-F99E2021961E}.Release|Any CPU.Build.0 = Release|Any CPU
		{D9D49463-68E2-491B-B748-F99E2021961E}.TestDigital|Any CPU.ActiveCfg = Release|Any CPU
		{D9D49463-68E2-491B-B748-F99E2021961E}.Testing|Any CPU.ActiveCfg = Release|Any CPU
		{D9D49463-68E2-491B-B748-F99E2021961E}.TestTeam1|Any CPU.ActiveCfg = Release|Any CPU
		{D9D49463-68E2-491B-B748-F99E2021961E}.TestTeam3|Any CPU.ActiveCfg = Release|Any CPU
		{D9D49463-68E2-491B-B748-F99E2021961E}.TestTeam4|Any CPU.ActiveCfg = Release|Any CPU
		{D9D49463-68E2-491B-B748-F99E2021961E}.TestTeam5|Any CPU.ActiveCfg = Release|Any CPU
		{D9D49463-68E2-491B-B748-F99E2021961E}.TestTeam6|Any CPU.ActiveCfg = Release|Any CPU
		{D9D49463-68E2-491B-B748-F99E2021961E}.TestTeam7|Any CPU.ActiveCfg = Release|Any CPU
		{D9D49463-68E2-491B-B748-F99E2021961E}.WCF01|Any CPU.ActiveCfg = Release|Any CPU
		{D9D49463-68E2-491B-B748-F99E2021961E}.WCF02|Any CPU.ActiveCfg = Release|Any CPU
		{D9D49463-68E2-491B-B748-F99E2021961E}.WCF03|Any CPU.ActiveCfg = Release|Any CPU
		{D9D49463-68E2-491B-B748-F99E2021961E}.WCF04|Any CPU.ActiveCfg = Release|Any CPU
	EndGlobalSection
	GlobalSection(SolutionProperties) = preSolution
		HideSolutionNode = FALSE
	EndGlobalSection
	GlobalSection(ExtensibilityGlobals) = postSolution
		SolutionGuid = {EB6F20A1-1E30-4880-8B0F-912B88A3149E}
	EndGlobalSection
EndGlobal
